
Microsoft Visual Studio Solution File, Format Version 12.00
# Visual Studio Version 16
VisualStudioVersion = 16.0.29102.190
MinimumVisualStudioVersion = 10.0.40219.1
Project("{FAE04EC0-301F-11D3-BF4B-00C04F79EFBC}") = "gymTest", "gymTest\gymTest.csproj", "{8D258D46-60AE-4FFD-8018-E96F65D91465}"
EndProject
Global
	GlobalSection(SolutionConfigurationPlatforms) = preSolution
		Debug|Any CPU = Debug|Any CPU
		Release|Any CPU = Release|Any CPU
	EndGlobalSection
	GlobalSection(ProjectConfigurationPlatforms) = postSolution
		{8D258D46-60AE-4FFD-8018-E96F65D91465}.Debug|Any CPU.ActiveCfg = Debug|Any CPU
		{8D258D46-60AE-4FFD-8018-E96F65D91465}.Debug|Any CPU.Build.0 = Debug|Any CPU
		{8D258D46-60AE-4FFD-8018-E96F65D91465}.Release|Any CPU.ActiveCfg = Release|Any CPU
		{8D258D46-60AE-4FFD-8018-E96F65D91465}.Release|Any CPU.Build.0 = Release|Any CPU
	EndGlobalSection
	GlobalSection(SolutionProperties) = preSolution
		HideSolutionNode = FALSE
	EndGlobalSection
	GlobalSection(ExtensibilityGlobals) = postSolution
		SolutionGuid = {8D97DD34-446E-436E-B374-5ABF0EC40A68}
	EndGlobalSection
EndGlobal
